Microsoft Visual Studio Solution File, Format Version 12.00
# Visual Studio Version 17
VisualStudioVersion = 17.0.31903.59
MinimumVisualStudioVersion = 10.0.40219.1
Project("{FAE04EC0-301F-11D3-BF4B-00C04F79EFBC}") = "OrdersWeb", "src\OrdersWeb\OrdersWeb.csproj", "{0A25A532-2371-409D-93C4-852F1BE03F8D}"
EndProject
Project("{FAE04EC0-301F-11D3-BF4B-00C04F79EFBC}") = "OrdersSecurity", "src\OrdersSecurity\OrdersSecurity.csproj", "{F4BEEDB5-5DBF-4465-9734-49F738C91794}"
EndProject
Project("{FAE04EC0-301F-11D3-BF4B-00C04F79EFBC}") = "OrdersWeb.Tests", "tests\OrdersWeb.Tests\OrdersWeb.Tests.csproj", "{2AC0D779-29D3-44A1-B16B-2E58F7E40AEB}"
EndProject
Global
	GlobalSection(SolutionConfigurationPlatforms) = preSolution
		Debug|Any CPU = Debug|Any CPU
		Release|Any CPU = Release|Any CPU
	EndGlobalSection
	GlobalSection(ProjectConfigurationPlatforms) = postSolution
		{0A25A532-2371-409D-93C4-852F1BE03F8D}.Debug|Any CPU.ActiveCfg = Debug|Any CPU
		{0A25A532-2371-409D-93C4-852F1BE03F8D}.Debug|Any CPU.Build.0 = Debug|Any CPU
		{0A25A532-2371-409D-93C4-852F1BE03F8D}.Release|Any CPU.ActiveCfg = Release|Any CPU
		{0A25A532-2371-409D-93C4-852F1BE03F8D}.Release|Any CPU.Build.0 = Release|Any CPU
		{F4BEEDB5-5DBF-4465-9734-49F738C91794}.Debug|Any CPU.ActiveCfg = Debug|Any CPU
		{F4BEEDB5-5DBF-4465-9734-49F738C91794}.Debug|Any CPU.Build.0 = Debug|Any CPU
		{F4BEEDB5-5DBF-4465-9734-49F738C91794}.Release|Any CPU.ActiveCfg = Release|Any CPU
		{F4BEEDB5-5DBF-4465-9734-49F738C91794}.Release|Any CPU.Build.0 = Release|Any CPU
		{2AC0D779-29D3-44A1-B16B-2E58F7E40AEB}.Debug|Any CPU.ActiveCfg = Debug|Any CPU
		{2AC0D779-29D3-44A1-B16B-2E58F7E40AEB}.Debug|Any CPU.Build.0 = Debug|Any CPU
		{2AC0D779-29D3-44A1-B16B-2E58F7E40AEB}.Release|Any CPU.ActiveCfg = Release|Any CPU
		{2AC0D779-29D3-44A1-B16B-2E58F7E40AEB}.Release|Any CPU.Build.0 = Release|Any CPU
	EndGlobalSection
	GlobalSection(SolutionProperties) = preSolution
		HideSolutionNode = FALSE
	EndGlobalSection
EndGlobal
